{
  "version": 4,
  "terraform_version": "0.14.4",
  "serial": 5,
  "lineage": "336ed323-209b-e159-302e-8eeec89b3371",
  "outputs": {},
  "resources": [
    {
      "mode": "managed",
      "type": "azurerm_resource_group",
      "name": "rg",
      "provider": "provider[\"registry.terraform.io/hashicorp/azurerm\"]",
      "instances": [
        {
          "schema_version": 0,
          "attributes": {
            "id": "/subscriptions/cec44cc0-2157-4c42-aeca-db5268cf7434/resourceGroups/rg-eastus",
            "location": "eastus",
            "name": "rg-eastus",
            "tags": {
              "Environment": "Terraform Getting Started",
              "Team": "DevOps"
            },
            "timeouts": null
          },
          "sensitive_attributes": [],
          "private": "eyJlMmJmYjczMC1lY2FhLTExZTYtOGY4OC0zNDM2M2JjN2M0YzAiOnsiY3JlYXRlIjo1NDAwMDAwMDAwMDAwLCJkZWxldGUiOjU0MDAwMDAwMDAwMDAsInJlYWQiOjMwMDAwMDAwMDAwMCwidXBkYXRlIjo1NDAwMDAwMDAwMDAwfX0="
        }
      ]
    }
  ]
}
